// !$*UTF8*$!
{
	archiveVersion = 1;
	classes = {
	};
	objectVersion = 46;
	objects = {

/* Begin PBXBuildFile section */
		786946672012841800F11F54 /* AppDelegate.swift in Sources */ = {isa = PBXBuildFile; fileRef = 786946662012841800F11F54 /* AppDelegate.swift */; };
		786946692012841800F11F54 /* ListViewController.swift in Sources */ = {isa = PBXBuildFile; fileRef = 786946682012841800F11F54 /* ListViewController.swift */; };
		7869466E2012841800F11F54 /* Assets.xcassets in Resources */ = {isa = PBXBuildFile; fileRef = 7869466D2012841800F11F54 /* Assets.xcassets */; };
		786946792012844B00F11F54 /* RootCoordinator.swift in Sources */ = {isa = PBXBuildFile; fileRef = 786946782012844B00F11F54 /* RootCoordinator.swift */; };
		7869467B201287F500F11F54 /* ListCoordinator.swift in Sources */ = {isa = PBXBuildFile; fileRef = 7869467A201287F500F11F54 /* ListCoordinator.swift */; };
		7869467D20128BB700F11F54 /* Coordinator.swift in Sources */ = {isa = PBXBuildFile; fileRef = 7869467C20128BB700F11F54 /* Coordinator.swift */; };
		786946862013BA7200F11F54 /* ListViewController.xib in Resources */ = {isa = PBXBuildFile; fileRef = 786946852013BA7200F11F54 /* ListViewController.xib */; };
		786946882013C44800F11F54 /* Item.swift in Sources */ = {isa = PBXBuildFile; fileRef = 786946872013C44800F11F54 /* Item.swift */; };
		7869468A2013C49200F11F54 /* ItemViewModel.swift in Sources */ = {isa = PBXBuildFile; fileRef = 786946892013C49200F11F54 /* ItemViewModel.swift */; };
		7869468C2013C53E00F11F54 /* ItemDataSource.swift in Sources */ = {isa = PBXBuildFile; fileRef = 7869468B2013C53E00F11F54 /* ItemDataSource.swift */; };
		7869468E2013C76900F11F54 /* ItemCell.xib in Resources */ = {isa = PBXBuildFile; fileRef = 7869468D2013C76900F11F54 /* ItemCell.xib */; };
		786946912013C82B00F11F54 /* ItemCell.swift in Sources */ = {isa = PBXBuildFile; fileRef = 786946902013C82B00F11F54 /* ItemCell.swift */; };
/* End PBXBuildFile section */

/* Begin PBXFileReference section */
		786946632012841800F11F54 /* FlowCoordinatorTestApp.app */ = {isa = PBXFileReference; explicitFileType = wrapper.application; includeInIndex = 0; path = FlowCoordinatorTestApp.app; sourceTree = BUILT_PRODUCTS_DIR; };
		786946662012841800F11F54 /* AppDelegate.swift */ = {isa = PBXFileReference; lastKnownFileType = sourcecode.swift; path = AppDelegate.swift; sourceTree = "<group>"; };
		786946682012841800F11F54 /* ListViewController.swift */ = {isa = PBXFileReference; lastKnownFileType = sourcecode.swift; path = ListViewController.swift; sourceTree = "<group>"; };
		7869466D2012841800F11F54 /* Assets.xcassets */ = {isa = PBXFileReference; lastKnownFileType = folder.assetcatalog; path = Assets.xcassets; sourceTree = "<group>"; };
		786946722012841800F11F54 /* Info.plist */ = {isa = PBXFileReference; lastKnownFileType = text.plist.xml; path = Info.plist; sourceTree = "<group>"; };
		786946782012844B00F11F54 /* RootCoordinator.swift */ = {isa = PBXFileReference; fileEncoding = 4; lastKnownFileType = sourcecode.swift; path = RootCoordinator.swift; sourceTree = "<group>"; };
		7869467A201287F500F11F54 /* ListCoordinator.swift */ = {isa = PBXFileReference; fileEncoding = 4; lastKnownFileType = sourcecode.swift; path = ListCoordinator.swift; sourceTree = "<group>"; };
		7869467C20128BB700F11F54 /* Coordinator.swift */ = {isa = PBXFileReference; fileEncoding = 4; lastKnownFileType = sourcecode.swift; path = Coordinator.swift; sourceTree = "<group>"; };
		786946852013BA7200F11F54 /* ListViewController.xib */ = {isa = PBXFileReference; fileEncoding = 4; lastKnownFileType = file.xib; name = ListViewController.xib; path = ../ListViewController.xib; sourceTree = "<group>"; };
		786946872013C44800F11F54 /* Item.swift */ = {isa = PBXFileReference; fileEncoding = 4; lastKnownFileType = sourcecode.swift; path = Item.swift; sourceTree = "<group>"; };
		786946892013C49200F11F54 /* ItemViewModel.swift */ = {isa = PBXFileReference; fileEncoding = 4; lastKnownFileType = sourcecode.swift; path = ItemViewModel.swift; sourceTree = "<group>"; };
		7869468B2013C53E00F11F54 /* ItemDataSource.swift */ = {isa = PBXFileReference; fileEncoding = 4; lastKnownFileType = sourcecode.swift; path = ItemDataSource.swift; sourceTree = "<group>"; };
		7869468D2013C76900F11F54 /* ItemCell.xib */ = {isa = PBXFileReference; fileEncoding = 4; lastKnownFileType = file.xib; path = ItemCell.xib; sourceTree = "<group>"; };
		786946902013C82B00F11F54 /* ItemCell.swift */ = {isa = PBXFileReference; fileEncoding = 4; lastKnownFileType = sourcecode.swift; path = ItemCell.swift; sourceTree = "<group>"; };
/* End PBXFileReference section */

/* Begin PBXFrameworksBuildPhase section */
		786946602012841800F11F54 /* Frameworks */ = {
			isa = PBXFrameworksBuildPhase;
			buildActionMask = 2147483647;
			files = (
			);
			runOnlyForDeploymentPostprocessing = 0;
		};
/* End PBXFrameworksBuildPhase section */

/* Begin PBXGroup section */
		7869465A2012841800F11F54 = {
			isa = PBXGroup;
			children = (
				786946652012841800F11F54 /* FlowCoordinatorTestApp */,
				786946642012841800F11F54 /* Products */,
			);
			sourceTree = "<group>";
		};
		786946642012841800F11F54 /* Products */ = {
			isa = PBXGroup;
			children = (
				786946632012841800F11F54 /* FlowCoordinatorTestApp.app */,
			);
			name = Products;
			sourceTree = "<group>";
		};
		786946652012841800F11F54 /* FlowCoordinatorTestApp */ = {
			isa = PBXGroup;
			children = (
				786946662012841800F11F54 /* AppDelegate.swift */,
				7869467C20128BB700F11F54 /* Coordinator.swift */,
				7869468B2013C53E00F11F54 /* ItemDataSource.swift */,
				7869468F2013C81800F11F54 /* Views */,
				7869467E2013B9B900F11F54 /* Coordinators */,
				786946812013B9EF00F11F54 /* ViewControllers */,
				786946802013B9E300F11F54 /* ViewModel */,
				7869467F2013B9C500F11F54 /* Model */,
				786946822013BA4300F11F54 /* Recourses */,
			);
			path = FlowCoordinatorTestApp;
			sourceTree = "<group>";
		};
		7869467E2013B9B900F11F54 /* Coordinators */ = {
			isa = PBXGroup;
			children = (
				786946782012844B00F11F54 /* RootCoordinator.swift */,
				7869467A201287F500F11F54 /* ListCoordinator.swift */,
			);
			name = Coordinators;
			sourceTree = "<group>";
		};
		7869467F2013B9C500F11F54 /* Model */ = {
			isa = PBXGroup;
			children = (
				786946872013C44800F11F54 /* Item.swift */,
			);
			name = Model;
			sourceTree = "<group>";
		};
		786946802013B9E300F11F54 /* ViewModel */ = {
			isa = PBXGroup;
			children = (
				786946892013C49200F11F54 /* ItemViewModel.swift */,
			);
			name = ViewModel;
			sourceTree = "<group>";
		};
		786946812013B9EF00F11F54 /* ViewControllers */ = {
			isa = PBXGroup;
			children = (
				786946682012841800F11F54 /* ListViewController.swift */,
			);
			name = ViewControllers;
			sourceTree = "<group>";
		};
		786946822013BA4300F11F54 /* Recourses */ = {
			isa = PBXGroup;
			children = (
				786946852013BA7200F11F54 /* ListViewController.xib */,
				7869468D2013C76900F11F54 /* ItemCell.xib */,
				7869466D2012841800F11F54 /* Assets.xcassets */,
				786946722012841800F11F54 /* Info.plist */,
			);
			name = Recourses;
			sourceTree = "<group>";
		};
		7869468F2013C81800F11F54 /* Views */ = {
			isa = PBXGroup;
			children = (
				786946902013C82B00F11F54 /* ItemCell.swift */,
			);
			name = Views;
			sourceTree = "<group>";
		};
/* End PBXGroup section */

/* Begin PBXNativeTarget section */
		786946622012841800F11F54 /* FlowCoordinatorTestApp */ = {
			isa = PBXNativeTarget;
			buildConfigurationList = 786946752012841800F11F54 /* Build configuration list for PBXNativeTarget "FlowCoordinatorTestApp" */;
			buildPhases = (
				7869465F2012841800F11F54 /* Sources */,
				786946602012841800F11F54 /* Frameworks */,
				786946612012841800F11F54 /* Resources */,
			);
			buildRules = (
			);
			dependencies = (
			);
			name = FlowCoordinatorTestApp;
			productName = FlowCoordinatorTestApp;
			productReference = 786946632012841800F11F54 /* FlowCoordinatorTestApp.app */;
			productType = "com.apple.product-type.application";
		};
/* End PBXNativeTarget section */

/* Begin PBXProject section */
		7869465B2012841800F11F54 /* Project object */ = {
			isa = PBXProject;
			attributes = {
				LastSwiftUpdateCheck = 0830;
				LastUpgradeCheck = 0830;
				ORGANIZATIONNAME = "Stepan Paholyk";
				TargetAttributes = {
					786946622012841800F11F54 = {
						CreatedOnToolsVersion = 8.3.3;
						ProvisioningStyle = Automatic;
					};
				};
			};
			buildConfigurationList = 7869465E2012841800F11F54 /* Build configuration list for PBXProject "FlowCoordinatorTestApp" */;
			compatibilityVersion = "Xcode 3.2";
			developmentRegion = English;
			hasScannedForEncodings = 0;
			knownRegions = (
				en,
				Base,
			);
			mainGroup = 7869465A2012841800F11F54;
			productRefGroup = 786946642012841800F11F54 /* Products */;
			projectDirPath = "";
			projectRoot = "";
			targets = (
				786946622012841800F11F54 /* FlowCoordinatorTestApp */,
			);
		};
/* End PBXProject section */

/* Begin PBXResourcesBuildPhase section */
		786946612012841800F11F54 /* Resources */ = {
			isa = PBXResourcesBuildPhase;
			buildActionMask = 2147483647;
			files = (
				786946862013BA7200F11F54 /* ListViewController.xib in Resources */,
				7869466E2012841800F11F54 /* Assets.xcassets in Resources */,
				7869468E2013C76900F11F54 /* ItemCell.xib in Resources */,
			);
			runOnlyForDeploymentPostprocessing = 0;
		};
/* End PBXResourcesBuildPhase section */

/* Begin PBXSourcesBuildPhase section */
		7869465F2012841800F11F54 /* Sources */ = {
			isa = PBXSourcesBuildPhase;
			buildActionMask = 2147483647;
			files = (
				786946692012841800F11F54 /* ListViewController.swift in Sources */,
				7869468C2013C53E00F11F54 /* ItemDataSource.swift in Sources */,
				786946912013C82B00F11F54 /* ItemCell.swift in Sources */,
				786946672012841800F11F54 /* AppDelegate.swift in Sources */,
				7869467D20128BB700F11F54 /* Coordinator.swift in Sources */,
				7869468A2013C49200F11F54 /* ItemViewModel.swift in Sources */,
				7869467B201287F500F11F54 /* ListCoordinator.swift in Sources */,
				786946882013C44800F11F54 /* Item.swift in Sources */,
				786946792012844B00F11F54 /* RootCoordinator.swift in Sources */,
			);
			runOnlyForDeploymentPostprocessing = 0;
		};
/* End PBXSourcesBuildPhase section */

/* Begin XCBuildConfiguration section */
		786946732012841800F11F54 /* Debug */ = {
			isa = XCBuildConfiguration;
			buildSettings = {
				ALWAYS_SEARCH_USER_PATHS = NO;
				CLANG_ANALYZER_NONNULL = YES;
				CLANG_ANALYZER_NUMBER_OBJECT_CONVERSION = YES_AGGRESSIVE;
				CLANG_CXX_LANGUAGE_STANDARD = "gnu++0x";
				CLANG_CXX_LIBRARY = "libc++";
				CLANG_ENABLE_MODULES = YES;
				CLANG_ENABLE_OBJC_ARC = YES;
				CLANG_WARN_BOOL_CONVERSION = YES;
				CLANG_WARN_CONSTANT_CONVERSION = YES;
				CLANG_WARN_DIRECT_OBJC_ISA_USAGE = YES_ERROR;
				CLANG_WARN_DOCUMENTATION_COMMENTS = YES;
				CLANG_WARN_EMPTY_BODY = YES;
				CLANG_WARN_ENUM_CONVERSION = YES;
				CLANG_WARN_INFINITE_RECURSION = YES;
				CLANG_WARN_INT_CONVERSION = YES;
				CLANG_WARN_OBJC_ROOT_CLASS = YES_ERROR;
				CLANG_WARN_SUSPICIOUS_MOVE = YES;
				CLANG_WARN_UNREACHABLE_CODE = YES;
				CLANG_WARN__DUPLICATE_METHOD_MATCH = YES;
				"CODE_SIGN_IDENTITY[sdk=iphoneos*]" = "iPhone Developer";
				COPY_PHASE_STRIP = NO;
				DEBUG_INFORMATION_FORMAT = dwarf;
				ENABLE_STRICT_OBJC_MSGSEND = YES;
				ENABLE_TESTABILITY = YES;
				GCC_C_LANGUAGE_STANDARD = gnu99;
				GCC_DYNAMIC_NO_PIC = NO;
				GCC_NO_COMMON_BLOCKS = YES;
				GCC_OPTIMIZATION_LEVEL = 0;
				GCC_PREPROCESSOR_DEFINITIONS = (
					"DEBUG=1",
					"$(inherited)",
				);
				GCC_WARN_64_TO_32_BIT_CONVERSION = YES;
				GCC_WARN_ABOUT_RETURN_TYPE = YES_ERROR;
				GCC_WARN_UNDECLARED_SELECTOR = YES;
				GCC_WARN_UNINITIALIZED_AUTOS = YES_AGGRESSIVE;
				GCC_WARN_UNUSED_FUNCTION = YES;
				GCC_WARN_UNUSED_VARIABLE = YES;
				IPHONEOS_DEPLOYMENT_TARGET = 10.3;
				MTL_ENABLE_DEBUG_INFO = YES;
				ONLY_ACTIVE_ARCH = YES;
				SDKROOT = iphoneos;
				SWIFT_ACTIVE_COMPILATION_CONDITIONS = DEBUG;
				SWIFT_OPTIMIZATION_LEVEL = "-Onone";
			};
			name = Debug;
		};
		786946742012841800F11F54 /* Release */ = {
			isa = XCBuildConfiguration;
			buildSettings = {
				ALWAYS_SEARCH_USER_PATHS = NO;
				CLANG_ANALYZER_NONNULL = YES;
				CLANG_ANALYZER_NUMBER_OBJECT_CONVERSION = YES_AGGRESSIVE;
				CLANG_CXX_LANGUAGE_STANDARD = "gnu++0x";
				CLANG_CXX_LIBRARY = "libc++";
				CLANG_ENABLE_MODULES = YES;
				CLANG_ENABLE_OBJC_ARC = YES;
				CLANG_WARN_BOOL_CONVERSION = YES;
				CLANG_WARN_CONSTANT_CONVERSION = YES;
				CLANG_WARN_DIRECT_OBJC_ISA_USAGE = YES_ERROR;
				CLANG_WARN_DOCUMENTATION_COMMENTS = YES;
				CLANG_WARN_EMPTY_BODY = YES;
				CLANG_WARN_ENUM_CONVERSION = YES;
				CLANG_WARN_INFINITE_RECURSION = YES;
				CLANG_WARN_INT_CONVERSION = YES;
				CLANG_WARN_OBJC_ROOT_CLASS = YES_ERROR;
				CLANG_WARN_SUSPICIOUS_MOVE = YES;
				CLANG_WARN_UNREACHABLE_CODE = YES;
				CLANG_WARN__DUPLICATE_METHOD_MATCH = YES;
				"CODE_SIGN_IDENTITY[sdk=iphoneos*]" = "iPhone Developer";
				COPY_PHASE_STRIP = NO;
				DEBUG_INFORMATION_FORMAT = "dwarf-with-dsym";
				ENABLE_NS_ASSERTIONS = NO;
				ENABLE_STRICT_OBJC_MSGSEND = YES;
				GCC_C_LANGUAGE_STANDARD = gnu99;
				GCC_NO_COMMON_BLOCKS = YES;
				GCC_WARN_64_TO_32_BIT_CONVERSION = YES;
				GCC_WARN_ABOUT_RETURN_TYPE = YES_ERROR;
				GCC_WARN_UNDECLARED_SELECTOR = YES;
				GCC_WARN_UNINITIALIZED_AUTOS = YES_AGGRESSIVE;
				GCC_WARN_UNUSED_FUNCTION = YES;
				GCC_WARN_UNUSED_VARIABLE = YES;
				IPHONEOS_DEPLOYMENT_TARGET = 10.3;
				MTL_ENABLE_DEBUG_INFO = NO;
				SDKROOT = iphoneos;
				SWIFT_OPTIMIZATION_LEVEL = "-Owholemodule";
				VALIDATE_PRODUCT = YES;
			};
			name = Release;
		};
		786946762012841800F11F54 /* Debug */ = {
			isa = XCBuildConfiguration;
			buildSettings = {
				ASSETCATALOG_COMPILER_APPICON_NAME = AppIcon;
				INFOPLIST_FILE = FlowCoordinatorTestApp/Info.plist;
				LD_RUNPATH_SEARCH_PATHS = "$(inherited) @executable_path/Frameworks";
				PRODUCT_BUNDLE_IDENTIFIER = SP.FlowCoordinatorTestApp;
				PRODUCT_NAME = "$(TARGET_NAME)";
				SWIFT_VERSION = 3.0;
			};
			name = Debug;
		};
		786946772012841800F11F54 /* Release */ = {
			isa = XCBuildConfiguration;
			buildSettings = {
				ASSETCATALOG_COMPILER_APPICON_NAME = AppIcon;
				INFOPLIST_FILE = FlowCoordinatorTestApp/Info.plist;
				LD_RUNPATH_SEARCH_PATHS = "$(inherited) @executable_path/Frameworks";
				PRODUCT_BUNDLE_IDENTIFIER = SP.FlowCoordinatorTestApp;
				PRODUCT_NAME = "$(TARGET_NAME)";
				SWIFT_VERSION = 3.0;
			};
			name = Release;
		};
/* End XCBuildConfiguration section */

/* Begin XCConfigurationList section */
		7869465E2012841800F11F54 /* Build configuration list for PBXProject "FlowCoordinatorTestApp" */ = {
			isa = XCConfigurationList;
			buildConfigurations = (
				786946732012841800F11F54 /* Debug */,
				786946742012841800F11F54 /* Release */,
			);
			defaultConfigurationIsVisible = 0;
			defaultConfigurationName = Release;
		};
		786946752012841800F11F54 /* Build configuration list for PBXNativeTarget "FlowCoordinatorTestApp" */ = {
			isa = XCConfigurationList;
			buildConfigurations = (
				786946762012841800F11F54 /* Debug */,
				786946772012841800F11F54 /* Release */,
			);
			defaultConfigurationIsVisible = 0;
			defaultConfigurationName = Release;
		};
/* End XCConfigurationList section */
	};
	rootObject = 7869465B2012841800F11F54 /* Project object */;
}
